
Microsoft Visual Studio Solution File, Format Version 12.00
# Visual Studio Version 16
VisualStudioVersion = 16.0.31624.102
MinimumVisualStudioVersion = 10.0.40219.1
Project("{9A19103F-16F7-4668-BE54-9A1E7A4F7556}") = "Entities", "Entities\Entities.csproj", "{17408AC5-3CD0-4998-B909-16DBF3A1F107}"
EndProject
Project("{9A19103F-16F7-4668-BE54-9A1E7A4F7556}") = "DataAccess", "DataAccess\DataAccess.csproj", "{9D8BD459-1C82-4D46-84F1-9F4E40BD06D9}"
EndProject
Project("{9A19103F-16F7-4668-BE54-9A1E7A4F7556}") = "Business", "Business\Business.csproj", "{E8EFD95E-58C9-436A-89DD-CCC865BAD9A1}"
EndProject
Project("{9A19103F-16F7-4668-BE54-9A1E7A4F7556}") = "ConsoleTest", "ConsoleTest\ConsoleTest.csproj", "{F7872835-0C9F-4277-B39A-CE65A8CA6F0D}"
EndProject
Project("{9A19103F-16F7-4668-BE54-9A1E7A4F7556}") = "Core", "Core\Core.csproj", "{A627B812-A3B1-4BE0-837A-6E4A5F03E553}"
EndProject
Project("{FAE04EC0-301F-11D3-BF4B-00C04F79EFBC}") = "WebAPI", "WebAPI\WebAPI.csproj", "{C5B75B06-2D10-4A3B-9D0C-3400775F8DB4}"
EndProject
Global
	GlobalSection(SolutionConfigurationPlatforms) = preSolution
		Debug|Any CPU = Debug|Any CPU
		Release|Any CPU = Release|Any CPU
	EndGlobalSection
	GlobalSection(ProjectConfigurationPlatforms) = postSolution
		{17408AC5-3CD0-4998-B909-16DBF3A1F107}.Debug|Any CPU.ActiveCfg = Debug|Any CPU
		{17408AC5-3CD0-4998-B909-16DBF3A1F107}.Debug|Any CPU.Build.0 = Debug|Any CPU
		{17408AC5-3CD0-4998-B909-16DBF3A1F107}.Release|Any CPU.ActiveCfg = Release|Any CPU
		{17408AC5-3CD0-4998-B909-16DBF3A1F107}.Release|Any CPU.Build.0 = Release|Any CPU
		{9D8BD459-1C82-4D46-84F1-9F4E40BD06D9}.Debug|Any CPU.ActiveCfg = Debug|Any CPU
		{9D8BD459-1C82-4D46-84F1-9F4E40BD06D9}.Debug|Any CPU.Build.0 = Debug|Any CPU
		{9D8BD459-1C82-4D46-84F1-9F4E40BD06D9}.Release|Any CPU.ActiveCfg = Release|Any CPU
		{9D8BD459-1C82-4D46-84F1-9F4E40BD06D9}.Release|Any CPU.Build.0 = Release|Any CPU
		{E8EFD95E-58C9-436A-89DD-CCC865BAD9A1}.Debug|Any CPU.ActiveCfg = Debug|Any CPU
		{E8EFD95E-58C9-436A-89DD-CCC865BAD9A1}.Debug|Any CPU.Build.0 = Debug|Any CPU
		{E8EFD95E-58C9-436A-89DD-CCC865BAD9A1}.Release|Any CPU.ActiveCfg = Release|Any CPU
		{E8EFD95E-58C9-436A-89DD-CCC865BAD9A1}.Release|Any CPU.Build.0 = Release|Any CPU
		{F7872835-0C9F-4277-B39A-CE65A8CA6F0D}.Debug|Any CPU.ActiveCfg = Debug|Any CPU
		{F7872835-0C9F-4277-B39A-CE65A8CA6F0D}.Debug|Any CPU.Build.0 = Debug|Any CPU
		{F7872835-0C9F-4277-B39A-CE65A8CA6F0D}.Release|Any CPU.ActiveCfg = Release|Any CPU
		{F7872835-0C9F-4277-B39A-CE65A8CA6F0D}.Release|Any CPU.Build.0 = Release|Any CPU
		{A627B812-A3B1-4BE0-837A-6E4A5F03E553}.Debug|Any CPU.ActiveCfg = Debug|Any CPU
		{A627B812-A3B1-4BE0-837A-6E4A5F03E553}.Debug|Any CPU.Build.0 = Debug|Any CPU
		{A627B812-A3B1-4BE0-837A-6E4A5F03E553}.Release|Any CPU.ActiveCfg = Release|Any CPU
		{A627B812-A3B1-4BE0-837A-6E4A5F03E553}.Release|Any CPU.Build.0 = Release|Any CPU
		{C5B75B06-2D10-4A3B-9D0C-3400775F8DB4}.Debug|Any CPU.ActiveCfg = Debug|Any CPU
		{C5B75B06-2D10-4A3B-9D0C-3400775F8DB4}.Debug|Any CPU.Build.0 = Debug|Any CPU
		{C5B75B06-2D10-4A3B-9D0C-3400775F8DB4}.Release|Any CPU.ActiveCfg = Release|Any CPU
		{C5B75B06-2D10-4A3B-9D0C-3400775F8DB4}.Release|Any CPU.Build.0 = Release|Any CPU
	EndGlobalSection
	GlobalSection(SolutionProperties) = preSolution
		HideSolutionNode = FALSE
	EndGlobalSection
	GlobalSection(ExtensibilityGlobals) = postSolution
		SolutionGuid = {9DB27810-BFF5-4E12-84E9-F2B06E38F59F}
	EndGlobalSection
EndGlobal
